
Microsoft Visual Studio Solution File, Format Version 12.00
# Visual Studio Version 16
VisualStudioVersion = 16.0.28705.295
MinimumVisualStudioVersion = 10.0.40219.1
Project("{8BC9CEB8-8B4A-11D0-8D11-00A0C91BC942}") = "Tutorial_1_Driver_Management", "Tutorial_1_Driver_Management\Tutorial_1_Driver_Management.vcxproj", "{B3F17D81-02F9-4AE7-B083-402E36F8BB3F}"
EndProject
Project("{8BC9CEB8-8B4A-11D0-8D11-00A0C91BC942}") = "Tutorial_2_Simple_Driver", "Tutorial_2_Simple_Driver\Tutorial_2_Simple_Driver.vcxproj", "{45A73DB4-792F-4B27-A07F-09B9A8E085B1}"
EndProject
Project("{8BC9CEB8-8B4A-11D0-8D11-00A0C91BC942}") = "Tutorial_3_Hide_Driver", "Tutorial_3_Hide_Driver\Tutorial_3_Hide_Driver.vcxproj", "{E2F6ED11-D1C6-4F06-BB24-74624F49BD25}"
EndProject
Project("{8BC9CEB8-8B4A-11D0-8D11-00A0C91BC942}") = "Tutorial_4_Dispatch_Communication_CLI", "Tutorial_4_Dispatch_Communication_CLI\Tutorial_4_Dispatch_Communication_CLI.vcxproj", "{4E8B5546-C340-44F3-BAE7-A374141CEFDD}"
EndProject
Project("{8BC9CEB8-8B4A-11D0-8D11-00A0C91BC942}") = "Tutorial_4_Dispatch_Communication_SYS", "Tutorial_4_Dispatch_Communication_Sys\Tutorial_4_Dispatch_Communication_Sys.vcxproj", "{C962399D-4EF6-4F5E-B9EA-892ED6CB9729}"
EndProject
Project("{8BC9CEB8-8B4A-11D0-8D11-00A0C91BC942}") = "Tutorial_5_IOCTL_Communication_CLI", "Tutorial_5_IOCTL_Communication_CLI\Tutorial_5_IOCTL_Communication_CLI.vcxproj", "{53BD8836-87B3-4CFA-AB99-24E7AF6F9264}"
EndProject
Project("{8BC9CEB8-8B4A-11D0-8D11-00A0C91BC942}") = "Tutorial_5_IOCTL_Communication_SYS", "Tutorial_5_IOCTL_Communication_SYS\Tutorial_5_IOCTL_Communication_SYS.vcxproj", "{4A66052B-B3AB-412D-A72A-C5C1733188C9}"
EndProject
Project("{8BC9CEB8-8B4A-11D0-8D11-00A0C91BC942}") = "Tutorial_6_ShareMem_Communication_CLI", "Tutorial_6_ShareMem_Communication_CLI\Tutorial_6_ShareMem_Communication_CLI.vcxproj", "{868436CA-0CE1-4722-BD8D-3AE186474F0B}"
EndProject
Project("{8BC9CEB8-8B4A-11D0-8D11-00A0C91BC942}") = "Tutorial_6_ShareMem_Communication_SYS", "Tutorial_6_ShareMem_Communication_SYS\Tutorial_6_ShareMem_Communication_SYS.vcxproj", "{99D22E9F-FDF2-49D7-9FA9-F89B0D998337}"
EndProject
Project("{8BC9CEB8-8B4A-11D0-8D11-00A0C91BC942}") = "Tutorial_7_NamedPipe_Communication_Server_CLI", "Tutorial_7_NamedPipe_Communication_Server_CLI\Tutorial_7_NamedPipe_Communication_Server_CLI.vcxproj", "{7E1D1E5F-3E1E-49E1-A07A-3F2E39308AA2}"
EndProject
Project("{8BC9CEB8-8B4A-11D0-8D11-00A0C91BC942}") = "Tutorial_7_NamedPipe_Communication_Client_SYS", "Tutorial_7_NamedPipe_Communication_Client_SYS\Tutorial_7_NamedPipe_Communication_Client_SYS.vcxproj", "{0671AB6F-81A6-402A-8605-5A71451B8EC5}"
EndProject
Global
	GlobalSection(SolutionConfigurationPlatforms) = preSolution
		Debug|x64 = Debug|x64
		Debug|x86 = Debug|x86
		Release|x64 = Release|x64
		Release|x86 = Release|x86
	EndGlobalSection
	GlobalSection(ProjectConfigurationPlatforms) = postSolution
		{B3F17D81-02F9-4AE7-B083-402E36F8BB3F}.Debug|x64.ActiveCfg = Debug|x64
		{B3F17D81-02F9-4AE7-B083-402E36F8BB3F}.Debug|x64.Build.0 = Debug|x64
		{B3F17D81-02F9-4AE7-B083-402E36F8BB3F}.Debug|x86.ActiveCfg = Debug|Win32
		{B3F17D81-02F9-4AE7-B083-402E36F8BB3F}.Debug|x86.Build.0 = Debug|Win32
		{B3F17D81-02F9-4AE7-B083-402E36F8BB3F}.Release|x64.ActiveCfg = Release|x64
		{B3F17D81-02F9-4AE7-B083-402E36F8BB3F}.Release|x64.Build.0 = Release|x64
		{B3F17D81-02F9-4AE7-B083-402E36F8BB3F}.Release|x86.ActiveCfg = Release|Win32
		{B3F17D81-02F9-4AE7-B083-402E36F8BB3F}.Release|x86.Build.0 = Release|Win32
		{45A73DB4-792F-4B27-A07F-09B9A8E085B1}.Debug|x64.ActiveCfg = Debug|x64
		{45A73DB4-792F-4B27-A07F-09B9A8E085B1}.Debug|x64.Build.0 = Debug|x64
		{45A73DB4-792F-4B27-A07F-09B9A8E085B1}.Debug|x64.Deploy.0 = Debug|x64
		{45A73DB4-792F-4B27-A07F-09B9A8E085B1}.Debug|x86.ActiveCfg = Debug|Win32
		{45A73DB4-792F-4B27-A07F-09B9A8E085B1}.Debug|x86.Build.0 = Debug|Win32
		{45A73DB4-792F-4B27-A07F-09B9A8E085B1}.Debug|x86.Deploy.0 = Debug|Win32
		{45A73DB4-792F-4B27-A07F-09B9A8E085B1}.Release|x64.ActiveCfg = Release|x64
		{45A73DB4-792F-4B27-A07F-09B9A8E085B1}.Release|x64.Build.0 = Release|x64
		{45A73DB4-792F-4B27-A07F-09B9A8E085B1}.Release|x64.Deploy.0 = Release|x64
		{45A73DB4-792F-4B27-A07F-09B9A8E085B1}.Release|x86.ActiveCfg = Release|Win32
		{45A73DB4-792F-4B27-A07F-09B9A8E085B1}.Release|x86.Build.0 = Release|Win32
		{45A73DB4-792F-4B27-A07F-09B9A8E085B1}.Release|x86.Deploy.0 = Release|Win32
		{E2F6ED11-D1C6-4F06-BB24-74624F49BD25}.Debug|x64.ActiveCfg = Debug|x64
		{E2F6ED11-D1C6-4F06-BB24-74624F49BD25}.Debug|x64.Build.0 = Debug|x64
		{E2F6ED11-D1C6-4F06-BB24-74624F49BD25}.Debug|x64.Deploy.0 = Debug|x64
		{E2F6ED11-D1C6-4F06-BB24-74624F49BD25}.Debug|x86.ActiveCfg = Debug|Win32
		{E2F6ED11-D1C6-4F06-BB24-74624F49BD25}.Debug|x86.Build.0 = Debug|Win32
		{E2F6ED11-D1C6-4F06-BB24-74624F49BD25}.Debug|x86.Deploy.0 = Debug|Win32
		{E2F6ED11-D1C6-4F06-BB24-74624F49BD25}.Release|x64.ActiveCfg = Release|x64
		{E2F6ED11-D1C6-4F06-BB24-74624F49BD25}.Release|x64.Build.0 = Release|x64
		{E2F6ED11-D1C6-4F06-BB24-74624F49BD25}.Release|x64.Deploy.0 = Release|x64
		{E2F6ED11-D1C6-4F06-BB24-74624F49BD25}.Release|x86.ActiveCfg = Release|Win32
		{E2F6ED11-D1C6-4F06-BB24-74624F49BD25}.Release|x86.Build.0 = Release|Win32
		{E2F6ED11-D1C6-4F06-BB24-74624F49BD25}.Release|x86.Deploy.0 = Release|Win32
		{4E8B5546-C340-44F3-BAE7-A374141CEFDD}.Debug|x64.ActiveCfg = Debug|x64
		{4E8B5546-C340-44F3-BAE7-A374141CEFDD}.Debug|x64.Build.0 = Debug|x64
		{4E8B5546-C340-44F3-BAE7-A374141CEFDD}.Debug|x86.ActiveCfg = Debug|Win32
		{4E8B5546-C340-44F3-BAE7-A374141CEFDD}.Debug|x86.Build.0 = Debug|Win32
		{4E8B5546-C340-44F3-BAE7-A374141CEFDD}.Release|x64.ActiveCfg = Release|x64
		{4E8B5546-C340-44F3-BAE7-A374141CEFDD}.Release|x64.Build.0 = Release|x64
		{4E8B5546-C340-44F3-BAE7-A374141CEFDD}.Release|x86.ActiveCfg = Release|Win32
		{4E8B5546-C340-44F3-BAE7-A374141CEFDD}.Release|x86.Build.0 = Release|Win32
		{C962399D-4EF6-4F5E-B9EA-892ED6CB9729}.Debug|x64.ActiveCfg = Debug|x64
		{C962399D-4EF6-4F5E-B9EA-892ED6CB9729}.Debug|x64.Build.0 = Debug|x64
		{C962399D-4EF6-4F5E-B9EA-892ED6CB9729}.Debug|x64.Deploy.0 = Debug|x64
		{C962399D-4EF6-4F5E-B9EA-892ED6CB9729}.Debug|x86.ActiveCfg = Debug|Win32
		{C962399D-4EF6-4F5E-B9EA-892ED6CB9729}.Debug|x86.Build.0 = Debug|Win32
		{C962399D-4EF6-4F5E-B9EA-892ED6CB9729}.Debug|x86.Deploy.0 = Debug|Win32
		{C962399D-4EF6-4F5E-B9EA-892ED6CB9729}.Release|x64.ActiveCfg = Release|x64
		{C962399D-4EF6-4F5E-B9EA-892ED6CB9729}.Release|x64.Build.0 = Release|x64
		{C962399D-4EF6-4F5E-B9EA-892ED6CB9729}.Release|x64.Deploy.0 = Release|x64
		{C962399D-4EF6-4F5E-B9EA-892ED6CB9729}.Release|x86.ActiveCfg = Release|Win32
		{C962399D-4EF6-4F5E-B9EA-892ED6CB9729}.Release|x86.Build.0 = Release|Win32
		{C962399D-4EF6-4F5E-B9EA-892ED6CB9729}.Release|x86.Deploy.0 = Release|Win32
		{53BD8836-87B3-4CFA-AB99-24E7AF6F9264}.Debug|x64.ActiveCfg = Debug|x64
		{53BD8836-87B3-4CFA-AB99-24E7AF6F9264}.Debug|x64.Build.0 = Debug|x64
		{53BD8836-87B3-4CFA-AB99-24E7AF6F9264}.Debug|x86.ActiveCfg = Debug|Win32
		{53BD8836-87B3-4CFA-AB99-24E7AF6F9264}.Debug|x86.Build.0 = Debug|Win32
		{53BD8836-87B3-4CFA-AB99-24E7AF6F9264}.Release|x64.ActiveCfg = Release|x64
		{53BD8836-87B3-4CFA-AB99-24E7AF6F9264}.Release|x64.Build.0 = Release|x64
		{53BD8836-87B3-4CFA-AB99-24E7AF6F9264}.Release|x86.ActiveCfg = Release|Win32
		{53BD8836-87B3-4CFA-AB99-24E7AF6F9264}.Release|x86.Build.0 = Release|Win32
		{4A66052B-B3AB-412D-A72A-C5C1733188C9}.Debug|x64.ActiveCfg = Debug|x64
		{4A66052B-B3AB-412D-A72A-C5C1733188C9}.Debug|x64.Build.0 = Debug|x64
		{4A66052B-B3AB-412D-A72A-C5C1733188C9}.Debug|x64.Deploy.0 = Debug|x64
		{4A66052B-B3AB-412D-A72A-C5C1733188C9}.Debug|x86.ActiveCfg = Debug|Win32
		{4A66052B-B3AB-412D-A72A-C5C1733188C9}.Debug|x86.Build.0 = Debug|Win32
		{4A66052B-B3AB-412D-A72A-C5C1733188C9}.Debug|x86.Deploy.0 = Debug|Win32
		{4A66052B-B3AB-412D-A72A-C5C1733188C9}.Release|x64.ActiveCfg = Release|x64
		{4A66052B-B3AB-412D-A72A-C5C1733188C9}.Release|x64.Build.0 = Release|x64
		{4A66052B-B3AB-412D-A72A-C5C1733188C9}.Release|x64.Deploy.0 = Release|x64
		{4A66052B-B3AB-412D-A72A-C5C1733188C9}.Release|x86.ActiveCfg = Release|Win32
		{4A66052B-B3AB-412D-A72A-C5C1733188C9}.Release|x86.Build.0 = Release|Win32
		{4A66052B-B3AB-412D-A72A-C5C1733188C9}.Release|x86.Deploy.0 = Release|Win32
		{868436CA-0CE1-4722-BD8D-3AE186474F0B}.Debug|x64.ActiveCfg = Debug|x64
		{868436CA-0CE1-4722-BD8D-3AE186474F0B}.Debug|x64.Build.0 = Debug|x64
		{868436CA-0CE1-4722-BD8D-3AE186474F0B}.Debug|x86.ActiveCfg = Debug|Win32
		{868436CA-0CE1-4722-BD8D-3AE186474F0B}.Debug|x86.Build.0 = Debug|Win32
		{868436CA-0CE1-4722-BD8D-3AE186474F0B}.Release|x64.ActiveCfg = Release|x64
		{868436CA-0CE1-4722-BD8D-3AE186474F0B}.Release|x64.Build.0 = Release|x64
		{868436CA-0CE1-4722-BD8D-3AE186474F0B}.Release|x86.ActiveCfg = Release|Win32
		{868436CA-0CE1-4722-BD8D-3AE186474F0B}.Release|x86.Build.0 = Release|Win32
		{99D22E9F-FDF2-49D7-9FA9-F89B0D998337}.Debug|x64.ActiveCfg = Debug|x64
		{99D22E9F-FDF2-49D7-9FA9-F89B0D998337}.Debug|x64.Build.0 = Debug|x64
		{99D22E9F-FDF2-49D7-9FA9-F89B0D998337}.Debug|x64.Deploy.0 = Debug|x64
		{99D22E9F-FDF2-49D7-9FA9-F89B0D998337}.Debug|x86.ActiveCfg = Debug|Win32
		{99D22E9F-FDF2-49D7-9FA9-F89B0D998337}.Debug|x86.Build.0 = Debug|Win32
		{99D22E9F-FDF2-49D7-9FA9-F89B0D998337}.Debug|x86.Deploy.0 = Debug|Win32
		{99D22E9F-FDF2-49D7-9FA9-F89B0D998337}.Release|x64.ActiveCfg = Release|x64
		{99D22E9F-FDF2-49D7-9FA9-F89B0D998337}.Release|x64.Build.0 = Release|x64
		{99D22E9F-FDF2-49D7-9FA9-F89B0D998337}.Release|x64.Deploy.0 = Release|x64
		{99D22E9F-FDF2-49D7-9FA9-F89B0D998337}.Release|x86.ActiveCfg = Release|Win32
		{99D22E9F-FDF2-49D7-9FA9-F89B0D998337}.Release|x86.Build.0 = Release|Win32
		{99D22E9F-FDF2-49D7-9FA9-F89B0D998337}.Release|x86.Deploy.0 = Release|Win32
		{7E1D1E5F-3E1E-49E1-A07A-3F2E39308AA2}.Debug|x64.ActiveCfg = Debug|x64
		{7E1D1E5F-3E1E-49E1-A07A-3F2E39308AA2}.Debug|x64.Build.0 = Debug|x64
		{7E1D1E5F-3E1E-49E1-A07A-3F2E39308AA2}.Debug|x86.ActiveCfg = Debug|Win32
		{7E1D1E5F-3E1E-49E1-A07A-3F2E39308AA2}.Debug|x86.Build.0 = Debug|Win32
		{7E1D1E5F-3E1E-49E1-A07A-3F2E39308AA2}.Release|x64.ActiveCfg = Release|x64
		{7E1D1E5F-3E1E-49E1-A07A-3F2E39308AA2}.Release|x64.Build.0 = Release|x64
		{7E1D1E5F-3E1E-49E1-A07A-3F2E39308AA2}.Release|x86.ActiveCfg = Release|Win32
		{7E1D1E5F-3E1E-49E1-A07A-3F2E39308AA2}.Release|x86.Build.0 = Release|Win32
		{0671AB6F-81A6-402A-8605-5A71451B8EC5}.Debug|x64.ActiveCfg = Debug|x64
		{0671AB6F-81A6-402A-8605-5A71451B8EC5}.Debug|x64.Build.0 = Debug|x64
		{0671AB6F-81A6-402A-8605-5A71451B8EC5}.Debug|x64.Deploy.0 = Debug|x64
		{0671AB6F-81A6-402A-8605-5A71451B8EC5}.Debug|x86.ActiveCfg = Debug|Win32
		{0671AB6F-81A6-402A-8605-5A71451B8EC5}.Debug|x86.Build.0 = Debug|Win32
		{0671AB6F-81A6-402A-8605-5A71451B8EC5}.Debug|x86.Deploy.0 = Debug|Win32
		{0671AB6F-81A6-402A-8605-5A71451B8EC5}.Release|x64.ActiveCfg = Release|x64
		{0671AB6F-81A6-402A-8605-5A71451B8EC5}.Release|x64.Build.0 = Release|x64
		{0671AB6F-81A6-402A-8605-5A71451B8EC5}.Release|x64.Deploy.0 = Release|x64
		{0671AB6F-81A6-402A-8605-5A71451B8EC5}.Release|x86.ActiveCfg = Release|Win32
		{0671AB6F-81A6-402A-8605-5A71451B8EC5}.Release|x86.Build.0 = Release|Win32
		{0671AB6F-81A6-402A-8605-5A71451B8EC5}.Release|x86.Deploy.0 = Release|Win32
	EndGlobalSection
	GlobalSection(SolutionProperties) = preSolution
		HideSolutionNode = FALSE
	EndGlobalSection
	GlobalSection(ExtensibilityGlobals) = postSolution
		SolutionGuid = {CE8830F0-5797-4508-BE5C-0A5EB40B25FB}
	EndGlobalSection
EndGlobal
